{
  "name": "@frida/os",
  "version": "1.0.2",
  "lockfileVersion": 3,
  "requires": true,
  "packages": {
    "": {
      "name": "@frida/os",
      "version": "1.0.2",
      "license": "MIT",
      "dependencies": {
        "frida-fs": "^5.2.5"
      }
    },
    "node_modules/frida-fs": {
      "version": "5.2.5",
      "resolved": "https://registry.npmjs.org/frida-fs/-/frida-fs-5.2.5.tgz",
      "integrity": "sha512-Eyb4OqUlcv1/Eq7Q+B9IZmYZIgIM2YjqDojrjmAGzPSSXBuUKwSkuObQcQ8Dup9JTOMIUcSII9/I8DaTe6LFKw=="
    }
  }
}
